
Microsoft Visual Studio Solution File, Format Version 12.00
# Visual Studio 14
VisualStudioVersion = 14.0.24720.0
MinimumVisualStudioVersion = 10.0.40219.1
Project("{FAE04EC0-301F-11D3-BF4B-00C04F79EFBC}") = "TeachMeArabic", "TeachMeArabic\TeachMeArabic.csproj", "{FF211AC1-6FD9-4E43-8318-1773BC3A84B1}"
EndProject
Project("{FAE04EC0-301F-11D3-BF4B-00C04F79EFBC}") = "BooksDataLayer", "BooksDataLayer\BooksDataLayer.csproj", "{2F7FB453-7F7D-46E0-8D71-BF5C527C15E7}"
EndProject
Global
	GlobalSection(SolutionConfigurationPlatforms) = preSolution
		Debug|Any CPU = Debug|Any CPU
		Release|Any CPU = Release|Any CPU
	EndGlobalSection
	GlobalSection(ProjectConfigurationPlatforms) = postSolution
		{FF211AC1-6FD9-4E43-8318-1773BC3A84B1}.Debug|Any CPU.ActiveCfg = Debug|Any CPU
		{FF211AC1-6FD9-4E43-8318-1773BC3A84B1}.Debug|Any CPU.Build.0 = Debug|Any CPU
		{FF211AC1-6FD9-4E43-8318-1773BC3A84B1}.Release|Any CPU.ActiveCfg = Release|Any CPU
		{FF211AC1-6FD9-4E43-8318-1773BC3A84B1}.Release|Any CPU.Build.0 = Release|Any CPU
		{2F7FB453-7F7D-46E0-8D71-BF5C527C15E7}.Debug|Any CPU.ActiveCfg = Debug|Any CPU
		{2F7FB453-7F7D-46E0-8D71-BF5C527C15E7}.Debug|Any CPU.Build.0 = Debug|Any CPU
		{2F7FB453-7F7D-46E0-8D71-BF5C527C15E7}.Release|Any CPU.ActiveCfg = Release|Any CPU
		{2F7FB453-7F7D-46E0-8D71-BF5C527C15E7}.Release|Any CPU.Build.0 = Release|Any CPU
	EndGlobalSection
	GlobalSection(SolutionProperties) = preSolution
		HideSolutionNode = FALSE
	EndGlobalSection
EndGlobal
